
Microsoft Visual Studio Solution File, Format Version 12.00
# Visual Studio Version 17
VisualStudioVersion = 17.6.33723.286
MinimumVisualStudioVersion = 10.0.40219.1
Project("{FAE04EC0-301F-11D3-BF4B-00C04F79EFBC}") = "lab2try3", "lab2try3\lab2try3.csproj", "{890AB7B3-10F8-40BB-84B7-8FD143F0B897}"
EndProject
Project("{FAE04EC0-301F-11D3-BF4B-00C04F79EFBC}") = "testlab2try3", "testlab2try3\testlab2try3.csproj", "{E852567E-0E20-494E-B858-CECDC1167FAD}"
EndProject
Global
	GlobalSection(SolutionConfigurationPlatforms) = preSolution
		Debug|Any CPU = Debug|Any CPU
		Release|Any CPU = Release|Any CPU
	EndGlobalSection
	GlobalSection(ProjectConfigurationPlatforms) = postSolution
		{890AB7B3-10F8-40BB-84B7-8FD143F0B897}.Debug|Any CPU.ActiveCfg = Debug|Any CPU
		{890AB7B3-10F8-40BB-84B7-8FD143F0B897}.Debug|Any CPU.Build.0 = Debug|Any CPU
		{890AB7B3-10F8-40BB-84B7-8FD143F0B897}.Release|Any CPU.ActiveCfg = Release|Any CPU
		{890AB7B3-10F8-40BB-84B7-8FD143F0B897}.Release|Any CPU.Build.0 = Release|Any CPU
		{E852567E-0E20-494E-B858-CECDC1167FAD}.Debug|Any CPU.ActiveCfg = Debug|Any CPU
		{E852567E-0E20-494E-B858-CECDC1167FAD}.Debug|Any CPU.Build.0 = Debug|Any CPU
		{E852567E-0E20-494E-B858-CECDC1167FAD}.Release|Any CPU.ActiveCfg = Release|Any CPU
		{E852567E-0E20-494E-B858-CECDC1167FAD}.Release|Any CPU.Build.0 = Release|Any CPU
	EndGlobalSection
	GlobalSection(SolutionProperties) = preSolution
		HideSolutionNode = FALSE
	EndGlobalSection
	GlobalSection(ExtensibilityGlobals) = postSolution
		SolutionGuid = {33CC47BF-7C68-4B0E-93D5-AD2019FE9B29}
	EndGlobalSection
EndGlobal
